
Microsoft Visual Studio Solution File, Format Version 12.00
# Visual Studio Version 17
VisualStudioVersion = 17.0.31903.59
MinimumVisualStudioVersion = 10.0.40219.1
Project("{FAE04EC0-301F-11D3-BF4B-00C04F79EFBC}") = "Domain", "Domain\Domain.csproj", "{BFB055CE-E980-45C0-BBCF-9060B7AD80E8}"
EndProject
Project("{FAE04EC0-301F-11D3-BF4B-00C04F79EFBC}") = "Infrastructure", "Infrastructure\Infrastructure.csproj", "{5E38A8DE-3E6A-4EF2-8191-B9AC88420931}"
EndProject
Project("{FAE04EC0-301F-11D3-BF4B-00C04F79EFBC}") = "WebApi", "WebApi\WebApi.csproj", "{E0B61420-4880-43F6-A06E-07C0302D1D05}"
EndProject
Global
	GlobalSection(SolutionConfigurationPlatforms) = preSolution
		Debug|Any CPU = Debug|Any CPU
		Debug|x64 = Debug|x64
		Debug|x86 = Debug|x86
		Release|Any CPU = Release|Any CPU
		Release|x64 = Release|x64
		Release|x86 = Release|x86
	EndGlobalSection
	GlobalSection(ProjectConfigurationPlatforms) = postSolution
		{BFB055CE-E980-45C0-BBCF-9060B7AD80E8}.Debug|Any CPU.ActiveCfg = Debug|Any CPU
		{BFB055CE-E980-45C0-BBCF-9060B7AD80E8}.Debug|Any CPU.Build.0 = Debug|Any CPU
		{BFB055CE-E980-45C0-BBCF-9060B7AD80E8}.Debug|x64.ActiveCfg = Debug|Any CPU
		{BFB055CE-E980-45C0-BBCF-9060B7AD80E8}.Debug|x64.Build.0 = Debug|Any CPU
		{BFB055CE-E980-45C0-BBCF-9060B7AD80E8}.Debug|x86.ActiveCfg = Debug|Any CPU
		{BFB055CE-E980-45C0-BBCF-9060B7AD80E8}.Debug|x86.Build.0 = Debug|Any CPU
		{BFB055CE-E980-45C0-BBCF-9060B7AD80E8}.Release|Any CPU.ActiveCfg = Release|Any CPU
		{BFB055CE-E980-45C0-BBCF-9060B7AD80E8}.Release|Any CPU.Build.0 = Release|Any CPU
		{BFB055CE-E980-45C0-BBCF-9060B7AD80E8}.Release|x64.ActiveCfg = Release|Any CPU
		{BFB055CE-E980-45C0-BBCF-9060B7AD80E8}.Release|x64.Build.0 = Release|Any CPU
		{BFB055CE-E980-45C0-BBCF-9060B7AD80E8}.Release|x86.ActiveCfg = Release|Any CPU
		{BFB055CE-E980-45C0-BBCF-9060B7AD80E8}.Release|x86.Build.0 = Release|Any CPU
		{5E38A8DE-3E6A-4EF2-8191-B9AC88420931}.Debug|Any CPU.ActiveCfg = Debug|Any CPU
		{5E38A8DE-3E6A-4EF2-8191-B9AC88420931}.Debug|Any CPU.Build.0 = Debug|Any CPU
		{5E38A8DE-3E6A-4EF2-8191-B9AC88420931}.Debug|x64.ActiveCfg = Debug|Any CPU
		{5E38A8DE-3E6A-4EF2-8191-B9AC88420931}.Debug|x64.Build.0 = Debug|Any CPU
		{5E38A8DE-3E6A-4EF2-8191-B9AC88420931}.Debug|x86.ActiveCfg = Debug|Any CPU
		{5E38A8DE-3E6A-4EF2-8191-B9AC88420931}.Debug|x86.Build.0 = Debug|Any CPU
		{5E38A8DE-3E6A-4EF2-8191-B9AC88420931}.Release|Any CPU.ActiveCfg = Release|Any CPU
		{5E38A8DE-3E6A-4EF2-8191-B9AC88420931}.Release|Any CPU.Build.0 = Release|Any CPU
		{5E38A8DE-3E6A-4EF2-8191-B9AC88420931}.Release|x64.ActiveCfg = Release|Any CPU
		{5E38A8DE-3E6A-4EF2-8191-B9AC88420931}.Release|x64.Build.0 = Release|Any CPU
		{5E38A8DE-3E6A-4EF2-8191-B9AC88420931}.Release|x86.ActiveCfg = Release|Any CPU
		{5E38A8DE-3E6A-4EF2-8191-B9AC88420931}.Release|x86.Build.0 = Release|Any CPU
		{E0B61420-4880-43F6-A06E-07C0302D1D05}.Debug|Any CPU.ActiveCfg = Debug|Any CPU
		{E0B61420-4880-43F6-A06E-07C0302D1D05}.Debug|Any CPU.Build.0 = Debug|Any CPU
		{E0B61420-4880-43F6-A06E-07C0302D1D05}.Debug|x64.ActiveCfg = Debug|Any CPU
		{E0B61420-4880-43F6-A06E-07C0302D1D05}.Debug|x64.Build.0 = Debug|Any CPU
		{E0B61420-4880-43F6-A06E-07C0302D1D05}.Debug|x86.ActiveCfg = Debug|Any CPU
		{E0B61420-4880-43F6-A06E-07C0302D1D05}.Debug|x86.Build.0 = Debug|Any CPU
		{E0B61420-4880-43F6-A06E-07C0302D1D05}.Release|Any CPU.ActiveCfg = Release|Any CPU
		{E0B61420-4880-43F6-A06E-07C0302D1D05}.Release|Any CPU.Build.0 = Release|Any CPU
		{E0B61420-4880-43F6-A06E-07C0302D1D05}.Release|x64.ActiveCfg = Release|Any CPU
		{E0B61420-4880-43F6-A06E-07C0302D1D05}.Release|x64.Build.0 = Release|Any CPU
		{E0B61420-4880-43F6-A06E-07C0302D1D05}.Release|x86.ActiveCfg = Release|Any CPU
		{E0B61420-4880-43F6-A06E-07C0302D1D05}.Release|x86.Build.0 = Release|Any CPU
	EndGlobalSection
	GlobalSection(SolutionProperties) = preSolution
		HideSolutionNode = FALSE
	EndGlobalSection
EndGlobal
